
Microsoft Visual Studio Solution File, Format Version 12.00
# Visual Studio Version 17
VisualStudioVersion = 17.6.33829.357
MinimumVisualStudioVersion = 10.0.40219.1
Project("{FAE04EC0-301F-11D3-BF4B-00C04F79EFBC}") = "AzureLoadTestAutomationApp", "AzureLoadTestAutomationApp\AzureLoadTestAutomationApp.csproj", "{C19AC090-F02E-44DC-A4D3-5BED53C9BF52}"
EndProject
Global
	GlobalSection(SolutionConfigurationPlatforms) = preSolution
		Debug|Any CPU = Debug|Any CPU
		Release|Any CPU = Release|Any CPU
	EndGlobalSection
	GlobalSection(ProjectConfigurationPlatforms) = postSolution
		{C19AC090-F02E-44DC-A4D3-5BED53C9BF52}.Debug|Any CPU.ActiveCfg = Debug|Any CPU
		{C19AC090-F02E-44DC-A4D3-5BED53C9BF52}.Debug|Any CPU.Build.0 = Debug|Any CPU
		{C19AC090-F02E-44DC-A4D3-5BED53C9BF52}.Release|Any CPU.ActiveCfg = Release|Any CPU
		{C19AC090-F02E-44DC-A4D3-5BED53C9BF52}.Release|Any CPU.Build.0 = Release|Any CPU
	EndGlobalSection
	GlobalSection(SolutionProperties) = preSolution
		HideSolutionNode = FALSE
	EndGlobalSection
	GlobalSection(ExtensibilityGlobals) = postSolution
		SolutionGuid = {F0B0ACC2-4A21-4D18-952C-0BF0370812CE}
	EndGlobalSection
EndGlobal
